
Microsoft Visual Studio Solution File, Format Version 12.00
# Visual Studio Version 17
VisualStudioVersion = 17.2.32630.192
MinimumVisualStudioVersion = 10.0.40219.1
Project("{FAE04EC0-301F-11D3-BF4B-00C04F79EFBC}") = "HelloWorld ASP Razor", "HelloWorld ASP Razor.csproj", "{03FFDDB0-312E-4070-88E6-1DB42E7BBE11}"
EndProject
Global
	GlobalSection(SolutionConfigurationPlatforms) = preSolution
		Debug|Any CPU = Debug|Any CPU
		Release|Any CPU = Release|Any CPU
	EndGlobalSection
	GlobalSection(ProjectConfigurationPlatforms) = postSolution
		{03FFDDB0-312E-4070-88E6-1DB42E7BBE11}.Debug|Any CPU.ActiveCfg = Debug|Any CPU
		{03FFDDB0-312E-4070-88E6-1DB42E7BBE11}.Debug|Any CPU.Build.0 = Debug|Any CPU
		{03FFDDB0-312E-4070-88E6-1DB42E7BBE11}.Release|Any CPU.ActiveCfg = Release|Any CPU
		{03FFDDB0-312E-4070-88E6-1DB42E7BBE11}.Release|Any CPU.Build.0 = Release|Any CPU
	EndGlobalSection
	GlobalSection(SolutionProperties) = preSolution
		HideSolutionNode = FALSE
	EndGlobalSection
	GlobalSection(ExtensibilityGlobals) = postSolution
		SolutionGuid = {DE4D42B7-800F-441B-9632-6A6F7C8DDB6F}
	EndGlobalSection
EndGlobal
